
Microsoft Visual Studio Solution File, Format Version 12.00
# Visual Studio Version 16
VisualStudioVersion = 16.0.31624.102
MinimumVisualStudioVersion = 10.0.40219.1
Project("{9A19103F-16F7-4668-BE54-9A1E7A4F7556}") = "BitsToSymbols", "BitsToSymbols\BitsToSymbols.csproj", "{62A53A08-F568-498D-8262-33665D5009DA}"
EndProject
Project("{9A19103F-16F7-4668-BE54-9A1E7A4F7556}") = "ConverterTests", "ConverterTests\ConverterTests.csproj", "{4041EF0A-4D34-43CD-ACAD-BAED38FF721C}"
EndProject
Global
	GlobalSection(SolutionConfigurationPlatforms) = preSolution
		Debug|Any CPU = Debug|Any CPU
		Release|Any CPU = Release|Any CPU
	EndGlobalSection
	GlobalSection(ProjectConfigurationPlatforms) = postSolution
		{62A53A08-F568-498D-8262-33665D5009DA}.Debug|Any CPU.ActiveCfg = Debug|Any CPU
		{62A53A08-F568-498D-8262-33665D5009DA}.Debug|Any CPU.Build.0 = Debug|Any CPU
		{62A53A08-F568-498D-8262-33665D5009DA}.Release|Any CPU.ActiveCfg = Release|Any CPU
		{62A53A08-F568-498D-8262-33665D5009DA}.Release|Any CPU.Build.0 = Release|Any CPU
		{4041EF0A-4D34-43CD-ACAD-BAED38FF721C}.Debug|Any CPU.ActiveCfg = Debug|Any CPU
		{4041EF0A-4D34-43CD-ACAD-BAED38FF721C}.Debug|Any CPU.Build.0 = Debug|Any CPU
		{4041EF0A-4D34-43CD-ACAD-BAED38FF721C}.Release|Any CPU.ActiveCfg = Release|Any CPU
		{4041EF0A-4D34-43CD-ACAD-BAED38FF721C}.Release|Any CPU.Build.0 = Release|Any CPU
	EndGlobalSection
	GlobalSection(SolutionProperties) = preSolution
		HideSolutionNode = FALSE
	EndGlobalSection
	GlobalSection(ExtensibilityGlobals) = postSolution
		SolutionGuid = {4BEE27CE-C1F1-4C63-8BBE-41B134BC52D7}
	EndGlobalSection
EndGlobal
